
Microsoft Visual Studio Solution File, Format Version 12.00
# Visual Studio Version 17
VisualStudioVersion = 17.1.32210.238
MinimumVisualStudioVersion = 10.0.40219.1
Project("{2150E333-8FDC-42A3-9474-1A3956D46DE8}") = "Backend", "Backend", "{A96E8043-EAAF-4669-B418-CB938A52D1EF}"
EndProject
Project("{2150E333-8FDC-42A3-9474-1A3956D46DE8}") = "FrontEnd", "FrontEnd", "{ECC31AFE-EC73-4DD1-8771-872079E683A1}"
EndProject
Project("{2150E333-8FDC-42A3-9474-1A3956D46DE8}") = "Architecture", "Architecture", "{CB1646A9-CBAF-484A-A6CF-E954ED20BE8A}"
EndProject
Project("{2150E333-8FDC-42A3-9474-1A3956D46DE8}") = "Business", "Business", "{46D2A2FD-C174-495F-9617-40F0C59D2279}"
EndProject
Project("{2150E333-8FDC-42A3-9474-1A3956D46DE8}") = "Data", "Data", "{9072A1DF-F673-48B6-AC65-09F149D61485}"
EndProject
Project("{2150E333-8FDC-42A3-9474-1A3956D46DE8}") = "Entity", "Entity", "{7932B1E5-D566-4EF1-A840-A32FEEA76D0A}"
EndProject
Project("{2150E333-8FDC-42A3-9474-1A3956D46DE8}") = "Desktop", "Desktop", "{3B8F87CD-F82A-4907-AD13-EEEF03D7CBE3}"
EndProject
Project("{2150E333-8FDC-42A3-9474-1A3956D46DE8}") = "Installers", "Installers", "{08F36F4B-C1D7-4B2C-A7B4-E495FCE9840B}"
EndProject
Project("{2150E333-8FDC-42A3-9474-1A3956D46DE8}") = "Mobile", "Mobile", "{9F662A78-0778-4BE1-944A-06047B8EA3A3}"
EndProject
Project("{2150E333-8FDC-42A3-9474-1A3956D46DE8}") = "Services", "Services", "{F4874F64-41BE-4940-B9AA-54270962F907}"
EndProject
Project("{2150E333-8FDC-42A3-9474-1A3956D46DE8}") = "Web", "Web", "{7ADCC3A3-55FA-411B-9C74-C9FC2BC8D411}"
EndProject
Project("{2150E333-8FDC-42A3-9474-1A3956D46DE8}") = "Web", "Web", "{375CF93A-7783-4CE9-8CFA-5D5369B5D864}"
EndProject
Project("{2150E333-8FDC-42A3-9474-1A3956D46DE8}") = "Windows", "Windows", "{2A7ECD04-72F1-4586-AA39-C104C491AF60}"
EndProject
Project("{9A19103F-16F7-4668-BE54-9A1E7A4F7556}") = "Ent.Sql", "Ent.Sql\Ent.Sql.csproj", "{D932CDD3-4A4B-4EC1-B8F4-3634F29BC23F}"
EndProject
Project("{9A19103F-16F7-4668-BE54-9A1E7A4F7556}") = "Ent.Oracle", "Ent.Oracle\Ent.Oracle.csproj", "{19233C0A-BF8B-4D08-8BC4-910538444DFF}"
EndProject
Project("{9A19103F-16F7-4668-BE54-9A1E7A4F7556}") = "Dat.Oracle", "Dat.Oracle\Dat.Oracle.csproj", "{24389050-7A9E-40E3-97DA-BC12919BB6D9}"
EndProject
Project("{9A19103F-16F7-4668-BE54-9A1E7A4F7556}") = "Dat.Sql", "Dat.Sql\Dat.Sql.csproj", "{BAEC3DA6-ED9C-4C9D-963C-05AB7CCD02C0}"
EndProject
Project("{9A19103F-16F7-4668-BE54-9A1E7A4F7556}") = "Bus.AgendaClinica", "Bus.AgendaClinica\Bus.AgendaClinica.csproj", "{9331A854-CB60-47B0-80E7-23AA413C6EAA}"
EndProject
Project("{9A19103F-16F7-4668-BE54-9A1E7A4F7556}") = "Bus.Clinica", "Bus.Clinica\Bus.Clinica.csproj", "{F7DE768A-12A1-49E0-B989-1E7DCF4D082F}"
EndProject
Project("{9A19103F-16F7-4668-BE54-9A1E7A4F7556}") = "Bus.Utilities", "Bus.Utilities\Bus.Utilities.csproj", "{689D681A-0A44-4515-8ACA-21A683CD6D94}"
EndProject
Project("{9A19103F-16F7-4668-BE54-9A1E7A4F7556}") = "App.EncriptarClave", "App.EncriptarClave\App.EncriptarClave.csproj", "{30285F58-6C3A-4BDD-9192-AD97DAF06255}"
EndProject
Project("{9A19103F-16F7-4668-BE54-9A1E7A4F7556}") = "Ws.ApiClinica", "Web.Clinica\Ws.ApiClinica\Ws.ApiClinica.csproj", "{594D655B-4166-43F9-B5E8-AF1256002F9C}"
EndProject
Project("{9A19103F-16F7-4668-BE54-9A1E7A4F7556}") = "Web.Clinica", "Web.Clinica\Web.Clinica\Web.Clinica.csproj", "{AC8F3C8E-637D-40BC-ADA8-A161B9582AF7}"
EndProject
Global
	GlobalSection(SolutionConfigurationPlatforms) = preSolution
		Debug|Any CPU = Debug|Any CPU
		Release|Any CPU = Release|Any CPU
	EndGlobalSection
	GlobalSection(ProjectConfigurationPlatforms) = postSolution
		{D932CDD3-4A4B-4EC1-B8F4-3634F29BC23F}.Debug|Any CPU.ActiveCfg = Debug|Any CPU
		{D932CDD3-4A4B-4EC1-B8F4-3634F29BC23F}.Debug|Any CPU.Build.0 = Debug|Any CPU
		{D932CDD3-4A4B-4EC1-B8F4-3634F29BC23F}.Release|Any CPU.ActiveCfg = Release|Any CPU
		{D932CDD3-4A4B-4EC1-B8F4-3634F29BC23F}.Release|Any CPU.Build.0 = Release|Any CPU
		{19233C0A-BF8B-4D08-8BC4-910538444DFF}.Debug|Any CPU.ActiveCfg = Debug|Any CPU
		{19233C0A-BF8B-4D08-8BC4-910538444DFF}.Debug|Any CPU.Build.0 = Debug|Any CPU
		{19233C0A-BF8B-4D08-8BC4-910538444DFF}.Release|Any CPU.ActiveCfg = Release|Any CPU
		{19233C0A-BF8B-4D08-8BC4-910538444DFF}.Release|Any CPU.Build.0 = Release|Any CPU
		{24389050-7A9E-40E3-97DA-BC12919BB6D9}.Debug|Any CPU.ActiveCfg = Debug|Any CPU
		{24389050-7A9E-40E3-97DA-BC12919BB6D9}.Debug|Any CPU.Build.0 = Debug|Any CPU
		{24389050-7A9E-40E3-97DA-BC12919BB6D9}.Release|Any CPU.ActiveCfg = Release|Any CPU
		{24389050-7A9E-40E3-97DA-BC12919BB6D9}.Release|Any CPU.Build.0 = Release|Any CPU
		{BAEC3DA6-ED9C-4C9D-963C-05AB7CCD02C0}.Debug|Any CPU.ActiveCfg = Debug|Any CPU
		{BAEC3DA6-ED9C-4C9D-963C-05AB7CCD02C0}.Debug|Any CPU.Build.0 = Debug|Any CPU
		{BAEC3DA6-ED9C-4C9D-963C-05AB7CCD02C0}.Release|Any CPU.ActiveCfg = Release|Any CPU
		{BAEC3DA6-ED9C-4C9D-963C-05AB7CCD02C0}.Release|Any CPU.Build.0 = Release|Any CPU
		{9331A854-CB60-47B0-80E7-23AA413C6EAA}.Debug|Any CPU.ActiveCfg = Debug|Any CPU
		{9331A854-CB60-47B0-80E7-23AA413C6EAA}.Debug|Any CPU.Build.0 = Debug|Any CPU
		{9331A854-CB60-47B0-80E7-23AA413C6EAA}.Release|Any CPU.ActiveCfg = Release|Any CPU
		{9331A854-CB60-47B0-80E7-23AA413C6EAA}.Release|Any CPU.Build.0 = Release|Any CPU
		{F7DE768A-12A1-49E0-B989-1E7DCF4D082F}.Debug|Any CPU.ActiveCfg = Debug|Any CPU
		{F7DE768A-12A1-49E0-B989-1E7DCF4D082F}.Debug|Any CPU.Build.0 = Debug|Any CPU
		{F7DE768A-12A1-49E0-B989-1E7DCF4D082F}.Release|Any CPU.ActiveCfg = Release|Any CPU
		{F7DE768A-12A1-49E0-B989-1E7DCF4D082F}.Release|Any CPU.Build.0 = Release|Any CPU
		{689D681A-0A44-4515-8ACA-21A683CD6D94}.Debug|Any CPU.ActiveCfg = Debug|Any CPU
		{689D681A-0A44-4515-8ACA-21A683CD6D94}.Debug|Any CPU.Build.0 = Debug|Any CPU
		{689D681A-0A44-4515-8ACA-21A683CD6D94}.Release|Any CPU.ActiveCfg = Release|Any CPU
		{689D681A-0A44-4515-8ACA-21A683CD6D94}.Release|Any CPU.Build.0 = Release|Any CPU
		{30285F58-6C3A-4BDD-9192-AD97DAF06255}.Debug|Any CPU.ActiveCfg = Debug|Any CPU
		{30285F58-6C3A-4BDD-9192-AD97DAF06255}.Debug|Any CPU.Build.0 = Debug|Any CPU
		{30285F58-6C3A-4BDD-9192-AD97DAF06255}.Release|Any CPU.ActiveCfg = Release|Any CPU
		{30285F58-6C3A-4BDD-9192-AD97DAF06255}.Release|Any CPU.Build.0 = Release|Any CPU
		{594D655B-4166-43F9-B5E8-AF1256002F9C}.Debug|Any CPU.ActiveCfg = Debug|Any CPU
		{594D655B-4166-43F9-B5E8-AF1256002F9C}.Debug|Any CPU.Build.0 = Debug|Any CPU
		{594D655B-4166-43F9-B5E8-AF1256002F9C}.Release|Any CPU.ActiveCfg = Release|Any CPU
		{594D655B-4166-43F9-B5E8-AF1256002F9C}.Release|Any CPU.Build.0 = Release|Any CPU
		{AC8F3C8E-637D-40BC-ADA8-A161B9582AF7}.Debug|Any CPU.ActiveCfg = Debug|Any CPU
		{AC8F3C8E-637D-40BC-ADA8-A161B9582AF7}.Debug|Any CPU.Build.0 = Debug|Any CPU
		{AC8F3C8E-637D-40BC-ADA8-A161B9582AF7}.Release|Any CPU.ActiveCfg = Release|Any CPU
		{AC8F3C8E-637D-40BC-ADA8-A161B9582AF7}.Release|Any CPU.Build.0 = Release|Any CPU
	EndGlobalSection
	GlobalSection(SolutionProperties) = preSolution
		HideSolutionNode = FALSE
	EndGlobalSection
	GlobalSection(NestedProjects) = preSolution
		{46D2A2FD-C174-495F-9617-40F0C59D2279} = {A96E8043-EAAF-4669-B418-CB938A52D1EF}
		{9072A1DF-F673-48B6-AC65-09F149D61485} = {A96E8043-EAAF-4669-B418-CB938A52D1EF}
		{7932B1E5-D566-4EF1-A840-A32FEEA76D0A} = {A96E8043-EAAF-4669-B418-CB938A52D1EF}
		{3B8F87CD-F82A-4907-AD13-EEEF03D7CBE3} = {ECC31AFE-EC73-4DD1-8771-872079E683A1}
		{08F36F4B-C1D7-4B2C-A7B4-E495FCE9840B} = {ECC31AFE-EC73-4DD1-8771-872079E683A1}
		{9F662A78-0778-4BE1-944A-06047B8EA3A3} = {ECC31AFE-EC73-4DD1-8771-872079E683A1}
		{F4874F64-41BE-4940-B9AA-54270962F907} = {ECC31AFE-EC73-4DD1-8771-872079E683A1}
		{7ADCC3A3-55FA-411B-9C74-C9FC2BC8D411} = {ECC31AFE-EC73-4DD1-8771-872079E683A1}
		{375CF93A-7783-4CE9-8CFA-5D5369B5D864} = {F4874F64-41BE-4940-B9AA-54270962F907}
		{2A7ECD04-72F1-4586-AA39-C104C491AF60} = {F4874F64-41BE-4940-B9AA-54270962F907}
		{D932CDD3-4A4B-4EC1-B8F4-3634F29BC23F} = {7932B1E5-D566-4EF1-A840-A32FEEA76D0A}
		{19233C0A-BF8B-4D08-8BC4-910538444DFF} = {7932B1E5-D566-4EF1-A840-A32FEEA76D0A}
		{24389050-7A9E-40E3-97DA-BC12919BB6D9} = {9072A1DF-F673-48B6-AC65-09F149D61485}
		{BAEC3DA6-ED9C-4C9D-963C-05AB7CCD02C0} = {9072A1DF-F673-48B6-AC65-09F149D61485}
		{9331A854-CB60-47B0-80E7-23AA413C6EAA} = {46D2A2FD-C174-495F-9617-40F0C59D2279}
		{F7DE768A-12A1-49E0-B989-1E7DCF4D082F} = {46D2A2FD-C174-495F-9617-40F0C59D2279}
		{689D681A-0A44-4515-8ACA-21A683CD6D94} = {46D2A2FD-C174-495F-9617-40F0C59D2279}
		{30285F58-6C3A-4BDD-9192-AD97DAF06255} = {3B8F87CD-F82A-4907-AD13-EEEF03D7CBE3}
		{594D655B-4166-43F9-B5E8-AF1256002F9C} = {375CF93A-7783-4CE9-8CFA-5D5369B5D864}
		{AC8F3C8E-637D-40BC-ADA8-A161B9582AF7} = {7ADCC3A3-55FA-411B-9C74-C9FC2BC8D411}
	EndGlobalSection
	GlobalSection(ExtensibilityGlobals) = postSolution
		SolutionGuid = {6F109F6A-B5D7-4E8E-8786-A74E9EE35272}
	EndGlobalSection
EndGlobal
